
Microsoft Visual Studio Solution File, Format Version 12.00
# Visual Studio Version 16
VisualStudioVersion = 16.0.29215.179
MinimumVisualStudioVersion = 10.0.40219.1
Project("{FAE04EC0-301F-11D3-BF4B-00C04F79EFBC}") = "WindowsFormsApp3", "WindowsFormsApp3\WindowsFormsApp3.csproj", "{565680CC-BE53-49C1-97A9-325EA996D053}"
EndProject
Global
	GlobalSection(SolutionConfigurationPlatforms) = preSolution
		Debug|Any CPU = Debug|Any CPU
		Release|Any CPU = Release|Any CPU
	EndGlobalSection
	GlobalSection(ProjectConfigurationPlatforms) = postSolution
		{565680CC-BE53-49C1-97A9-325EA996D053}.Debug|Any CPU.ActiveCfg = Debug|Any CPU
		{565680CC-BE53-49C1-97A9-325EA996D053}.Debug|Any CPU.Build.0 = Debug|Any CPU
		{565680CC-BE53-49C1-97A9-325EA996D053}.Release|Any CPU.ActiveCfg = Release|Any CPU
		{565680CC-BE53-49C1-97A9-325EA996D053}.Release|Any CPU.Build.0 = Release|Any CPU
	EndGlobalSection
	GlobalSection(SolutionProperties) = preSolution
		HideSolutionNode = FALSE
	EndGlobalSection
	GlobalSection(ExtensibilityGlobals) = postSolution
		SolutionGuid = {A85581C0-F69D-480F-A2D9-58309B2E1425}
	EndGlobalSection
EndGlobal
